// !$*UTF8*$!
{
	archiveVersion = 1;
	classes = {
	};
	objectVersion = 46;
	objects = {

/* Begin PBXBuildFile section */
		5B9F9B201A02F29900941DA1 /* AppDelegate.swift in Sources */ = {isa = PBXBuildFile; fileRef = 5B9F9B1F1A02F29900941DA1 /* AppDelegate.swift */; };
		5B9F9B221A02F29900941DA1 /* ViewController.swift in Sources */ = {isa = PBXBuildFile; fileRef = 5B9F9B211A02F29900941DA1 /* ViewController.swift */; };
		5B9F9B251A02F29900941DA1 /* Main.storyboard in Resources */ = {isa = PBXBuildFile; fileRef = 5B9F9B231A02F29900941DA1 /* Main.storyboard */; };
		5B9F9B271A02F29900941DA1 /* Images.xcassets in Resources */ = {isa = PBXBuildFile; fileRef = 5B9F9B261A02F29900941DA1 /* Images.xcassets */; };
		5B9F9B2A1A02F29900941DA1 /* LaunchScreen.xib in Resources */ = {isa = PBXBuildFile; fileRef = 5B9F9B281A02F29900941DA1 /* LaunchScreen.xib */; };
		5B9F9B361A02F29900941DA1 /* WebServiceExampleTests.swift in Sources */ = {isa = PBXBuildFile; fileRef = 5B9F9B351A02F29900941DA1 /* WebServiceExampleTests.swift */; };
/* End PBXBuildFile section */

/* Begin PBXContainerItemProxy section */
		5B9F9B301A02F29900941DA1 /* PBXContainerItemProxy */ = {
			isa = PBXContainerItemProxy;
			containerPortal = 5B9F9B121A02F29900941DA1 /* Project object */;
			proxyType = 1;
			remoteGlobalIDString = 5B9F9B191A02F29900941DA1;
			remoteInfo = WebServiceExample;
		};
/* End PBXContainerItemProxy section */

/* Begin PBXFileReference section */
		5B9F9B1A1A02F29900941DA1 /* WebServiceExample.app */ = {isa = PBXFileReference; explicitFileType = wrapper.application; includeInIndex = 0; path = WebServiceExample.app; sourceTree = BUILT_PRODUCTS_DIR; };
		5B9F9B1E1A02F29900941DA1 /* Info.plist */ = {isa = PBXFileReference; lastKnownFileType = text.plist.xml; path = Info.plist; sourceTree = "<group>"; };
		5B9F9B1F1A02F29900941DA1 /* AppDelegate.swift */ = {isa = PBXFileReference; lastKnownFileType = sourcecode.swift; path = AppDelegate.swift; sourceTree = "<group>"; };
		5B9F9B211A02F29900941DA1 /* ViewController.swift */ = {isa = PBXFileReference; lastKnownFileType = sourcecode.swift; path = ViewController.swift; sourceTree = "<group>"; };
		5B9F9B241A02F29900941DA1 /* Base */ = {isa = PBXFileReference; lastKnownFileType = file.storyboard; name = Base; path = Base.lproj/Main.storyboard; sourceTree = "<group>"; };
		5B9F9B261A02F29900941DA1 /* Images.xcassets */ = {isa = PBXFileReference; lastKnownFileType = folder.assetcatalog; path = Images.xcassets; sourceTree = "<group>"; };
		5B9F9B291A02F29900941DA1 /* Base */ = {isa = PBXFileReference; lastKnownFileType = file.xib; name = Base; path = Base.lproj/LaunchScreen.xib; sourceTree = "<group>"; };
		5B9F9B2F1A02F29900941DA1 /* WebServiceExampleTests.xctest */ = {isa = PBXFileReference; explicitFileType = wrapper.cfbundle; includeInIndex = 0; path = WebServiceExampleTests.xctest; sourceTree = BUILT_PRODUCTS_DIR; };
		5B9F9B341A02F29900941DA1 /* Info.plist */ = {isa = PBXFileReference; lastKnownFileType = text.plist.xml; path = Info.plist; sourceTree = "<group>"; };
		5B9F9B351A02F29900941DA1 /* WebServiceExampleTests.swift */ = {isa = PBXFileReference; lastKnownFileType = sourcecode.swift; path = WebServiceExampleTests.swift; sourceTree = "<group>"; };
/* End PBXFileReference section */

/* Begin PBXFrameworksBuildPhase section */
		5B9F9B171A02F29900941DA1 /* Frameworks */ = {
			isa = PBXFrameworksBuildPhase;
			buildActionMask = 2147483647;
			files = (
			);
			runOnlyForDeploymentPostprocessing = 0;
		};
		5B9F9B2C1A02F29900941DA1 /* Frameworks */ = {
			isa = PBXFrameworksBuildPhase;
			buildActionMask = 2147483647;
			files = (
			);
			runOnlyForDeploymentPostprocessing = 0;
		};
/* End PBXFrameworksBuildPhase section */

/* Begin PBXGroup section */
		5B9F9B111A02F29900941DA1 = {
			isa = PBXGroup;
			children = (
				5B9F9B1C1A02F29900941DA1 /* WebServiceExample */,
				5B9F9B321A02F29900941DA1 /* WebServiceExampleTests */,
				5B9F9B1B1A02F29900941DA1 /* Products */,
			);
			sourceTree = "<group>";
		};
		5B9F9B1B1A02F29900941DA1 /* Products */ = {
			isa = PBXGroup;
			children = (
				5B9F9B1A1A02F29900941DA1 /* WebServiceExample.app */,
				5B9F9B2F1A02F29900941DA1 /* WebServiceExampleTests.xctest */,
			);
			name = Products;
			sourceTree = "<group>";
		};
		5B9F9B1C1A02F29900941DA1 /* WebServiceExample */ = {
			isa = PBXGroup;
			children = (
				5B9F9B1F1A02F29900941DA1 /* AppDelegate.swift */,
				5B9F9B211A02F29900941DA1 /* ViewController.swift */,
				5B9F9B231A02F29900941DA1 /* Main.storyboard */,
				5B9F9B261A02F29900941DA1 /* Images.xcassets */,
				5B9F9B281A02F29900941DA1 /* LaunchScreen.xib */,
				5B9F9B1D1A02F29900941DA1 /* Supporting Files */,
			);
			path = WebServiceExample;
			sourceTree = "<group>";
		};
		5B9F9B1D1A02F29900941DA1 /* Supporting Files */ = {
			isa = PBXGroup;
			children = (
				5B9F9B1E1A02F29900941DA1 /* Info.plist */,
			);
			name = "Supporting Files";
			sourceTree = "<group>";
		};
		5B9F9B321A02F29900941DA1 /* WebServiceExampleTests */ = {
			isa = PBXGroup;
			children = (
				5B9F9B351A02F29900941DA1 /* WebServiceExampleTests.swift */,
				5B9F9B331A02F29900941DA1 /* Supporting Files */,
			);
			path = WebServiceExampleTests;
			sourceTree = "<group>";
		};
		5B9F9B331A02F29900941DA1 /* Supporting Files */ = {
			isa = PBXGroup;
			children = (
				5B9F9B341A02F29900941DA1 /* Info.plist */,
			);
			name = "Supporting Files";
			sourceTree = "<group>";
		};
/* End PBXGroup section */

/* Begin PBXNativeTarget section */
		5B9F9B191A02F29900941DA1 /* WebServiceExample */ = {
			isa = PBXNativeTarget;
			buildConfigurationList = 5B9F9B391A02F29900941DA1 /* Build configuration list for PBXNativeTarget "WebServiceExample" */;
			buildPhases = (
				5B9F9B161A02F29900941DA1 /* Sources */,
				5B9F9B171A02F29900941DA1 /* Frameworks */,
				5B9F9B181A02F29900941DA1 /* Resources */,
			);
			buildRules = (
			);
			dependencies = (
			);
			name = WebServiceExample;
			productName = WebServiceExample;
			productReference = 5B9F9B1A1A02F29900941DA1 /* WebServiceExample.app */;
			productType = "com.apple.product-type.application";
		};
		5B9F9B2E1A02F29900941DA1 /* WebServiceExampleTests */ = {
			isa = PBXNativeTarget;
			buildConfigurationList = 5B9F9B3C1A02F29900941DA1 /* Build configuration list for PBXNativeTarget "WebServiceExampleTests" */;
			buildPhases = (
				5B9F9B2B1A02F29900941DA1 /* Sources */,
				5B9F9B2C1A02F29900941DA1 /* Frameworks */,
				5B9F9B2D1A02F29900941DA1 /* Resources */,
			);
			buildRules = (
			);
			dependencies = (
				5B9F9B311A02F29900941DA1 /* PBXTargetDependency */,
			);
			name = WebServiceExampleTests;
			productName = WebServiceExampleTests;
			productReference = 5B9F9B2F1A02F29900941DA1 /* WebServiceExampleTests.xctest */;
			productType = "com.apple.product-type.bundle.unit-test";
		};
/* End PBXNativeTarget section */

/* Begin PBXProject section */
		5B9F9B121A02F29900941DA1 /* Project object */ = {
			isa = PBXProject;
			attributes = {
				LastUpgradeCheck = 0600;
				ORGANIZATIONNAME = "Tim Peterson";
				TargetAttributes = {
					5B9F9B191A02F29900941DA1 = {
						CreatedOnToolsVersion = 6.0;
					};
					5B9F9B2E1A02F29900941DA1 = {
						CreatedOnToolsVersion = 6.0;
						TestTargetID = 5B9F9B191A02F29900941DA1;
					};
				};
			};
			buildConfigurationList = 5B9F9B151A02F29900941DA1 /* Build configuration list for PBXProject "WebServiceExample" */;
			compatibilityVersion = "Xcode 3.2";
			developmentRegion = English;
			hasScannedForEncodings = 0;
			knownRegions = (
				en,
				Base,
			);
			mainGroup = 5B9F9B111A02F29900941DA1;
			productRefGroup = 5B9F9B1B1A02F29900941DA1 /* Products */;
			projectDirPath = "";
			projectRoot = "";
			targets = (
				5B9F9B191A02F29900941DA1 /* WebServiceExample */,
				5B9F9B2E1A02F29900941DA1 /* WebServiceExampleTests */,
			);
		};
/* End PBXProject section */

/* Begin PBXResourcesBuildPhase section */
		5B9F9B181A02F29900941DA1 /* Resources */ = {
			isa = PBXResourcesBuildPhase;
			buildActionMask = 2147483647;
			files = (
				5B9F9B251A02F29900941DA1 /* Main.storyboard in Resources */,
				5B9F9B2A1A02F29900941DA1 /* LaunchScreen.xib in Resources */,
				5B9F9B271A02F29900941DA1 /* Images.xcassets in Resources */,
			);
			runOnlyForDeploymentPostprocessing = 0;
		};
		5B9F9B2D1A02F29900941DA1 /* Resources */ = {
			isa = PBXResourcesBuildPhase;
			buildActionMask = 2147483647;
			files = (
			);
			runOnlyForDeploymentPostprocessing = 0;
		};
/* End PBXResourcesBuildPhase section */

/* Begin PBXSourcesBuildPhase section */
		5B9F9B161A02F29900941DA1 /* Sources */ = {
			isa = PBXSourcesBuildPhase;
			buildActionMask = 2147483647;
			files = (
				5B9F9B221A02F29900941DA1 /* ViewController.swift in Sources */,
				5B9F9B201A02F29900941DA1 /* AppDelegate.swift in Sources */,
			);
			runOnlyForDeploymentPostprocessing = 0;
		};
		5B9F9B2B1A02F29900941DA1 /* Sources */ = {
			isa = PBXSourcesBuildPhase;
			buildActionMask = 2147483647;
			files = (
				5B9F9B361A02F29900941DA1 /* WebServiceExampleTests.swift in Sources */,
			);
			runOnlyForDeploymentPostprocessing = 0;
		};
/* End PBXSourcesBuildPhase section */

/* Begin PBXTargetDependency section */
		5B9F9B311A02F29900941DA1 /* PBXTargetDependency */ = {
			isa = PBXTargetDependency;
			target = 5B9F9B191A02F29900941DA1 /* WebServiceExample */;
			targetProxy = 5B9F9B301A02F29900941DA1 /* PBXContainerItemProxy */;
		};
/* End PBXTargetDependency section */

/* Begin PBXVariantGroup section */
		5B9F9B231A02F29900941DA1 /* Main.storyboard */ = {
			isa = PBXVariantGroup;
			children = (
				5B9F9B241A02F29900941DA1 /* Base */,
			);
			name = Main.storyboard;
			sourceTree = "<group>";
		};
		5B9F9B281A02F29900941DA1 /* LaunchScreen.xib */ = {
			isa = PBXVariantGroup;
			children = (
				5B9F9B291A02F29900941DA1 /* Base */,
			);
			name = LaunchScreen.xib;
			sourceTree = "<group>";
		};
/* End PBXVariantGroup section */

/* Begin XCBuildConfiguration section */
		5B9F9B371A02F29900941DA1 /* Debug */ = {
			isa = XCBuildConfiguration;
			buildSettings = {
				ALWAYS_SEARCH_USER_PATHS = NO;
				CLANG_CXX_LANGUAGE_STANDARD = "gnu++0x";
				CLANG_CXX_LIBRARY = "libc++";
				CLANG_ENABLE_MODULES = YES;
				CLANG_ENABLE_OBJC_ARC = YES;
				CLANG_WARN_BOOL_CONVERSION = YES;
				CLANG_WARN_CONSTANT_CONVERSION = YES;
				CLANG_WARN_DIRECT_OBJC_ISA_USAGE = YES_ERROR;
				CLANG_WARN_EMPTY_BODY = YES;
				CLANG_WARN_ENUM_CONVERSION = YES;
				CLANG_WARN_INT_CONVERSION = YES;
				CLANG_WARN_OBJC_ROOT_CLASS = YES_ERROR;
				CLANG_WARN_UNREACHABLE_CODE = YES;
				CLANG_WARN__DUPLICATE_METHOD_MATCH = YES;
				"CODE_SIGN_IDENTITY[sdk=iphoneos*]" = "iPhone Developer";
				COPY_PHASE_STRIP = NO;
				ENABLE_STRICT_OBJC_MSGSEND = YES;
				GCC_C_LANGUAGE_STANDARD = gnu99;
				GCC_DYNAMIC_NO_PIC = NO;
				GCC_OPTIMIZATION_LEVEL = 0;
				GCC_PREPROCESSOR_DEFINITIONS = (
					"DEBUG=1",
					"$(inherited)",
				);
				GCC_SYMBOLS_PRIVATE_EXTERN = NO;
				GCC_WARN_64_TO_32_BIT_CONVERSION = YES;
				GCC_WARN_ABOUT_RETURN_TYPE = YES_ERROR;
				GCC_WARN_UNDECLARED_SELECTOR = YES;
				GCC_WARN_UNINITIALIZED_AUTOS = YES_AGGRESSIVE;
				GCC_WARN_UNUSED_FUNCTION = YES;
				GCC_WARN_UNUSED_VARIABLE = YES;
				IPHONEOS_DEPLOYMENT_TARGET = 8.0;
				MTL_ENABLE_DEBUG_INFO = YES;
				ONLY_ACTIVE_ARCH = YES;
				SDKROOT = iphoneos;
				SWIFT_OPTIMIZATION_LEVEL = "-Onone";
			};
			name = Debug;
		};
		5B9F9B381A02F29900941DA1 /* Release */ = {
			isa = XCBuildConfiguration;
			buildSettings = {
				ALWAYS_SEARCH_USER_PATHS = NO;
				CLANG_CXX_LANGUAGE_STANDARD = "gnu++0x";
				CLANG_CXX_LIBRARY = "libc++";
				CLANG_ENABLE_MODULES = YES;
				CLANG_ENABLE_OBJC_ARC = YES;
				CLANG_WARN_BOOL_CONVERSION = YES;
				CLANG_WARN_CONSTANT_CONVERSION = YES;
				CLANG_WARN_DIRECT_OBJC_ISA_USAGE = YES_ERROR;
				CLANG_WARN_EMPTY_BODY = YES;
				CLANG_WARN_ENUM_CONVERSION = YES;
				CLANG_WARN_INT_CONVERSION = YES;
				CLANG_WARN_OBJC_ROOT_CLASS = YES_ERROR;
				CLANG_WARN_UNREACHABLE_CODE = YES;
				CLANG_WARN__DUPLICATE_METHOD_MATCH = YES;
				"CODE_SIGN_IDENTITY[sdk=iphoneos*]" = "iPhone Developer";
				COPY_PHASE_STRIP = YES;
				ENABLE_NS_ASSERTIONS = NO;
				ENABLE_STRICT_OBJC_MSGSEND = YES;
				GCC_C_LANGUAGE_STANDARD = gnu99;
				GCC_WARN_64_TO_32_BIT_CONVERSION = YES;
				GCC_WARN_ABOUT_RETURN_TYPE = YES_ERROR;
				GCC_WARN_UNDECLARED_SELECTOR = YES;
				GCC_WARN_UNINITIALIZED_AUTOS = YES_AGGRESSIVE;
				GCC_WARN_UNUSED_FUNCTION = YES;
				GCC_WARN_UNUSED_VARIABLE = YES;
				IPHONEOS_DEPLOYMENT_TARGET = 8.0;
				MTL_ENABLE_DEBUG_INFO = NO;
				SDKROOT = iphoneos;
				VALIDATE_PRODUCT = YES;
			};
			name = Release;
		};
		5B9F9B3A1A02F29900941DA1 /* Debug */ = {
			isa = XCBuildConfiguration;
			buildSettings = {
				ASSETCATALOG_COMPILER_APPICON_NAME = AppIcon;
				INFOPLIST_FILE = WebServiceExample/Info.plist;
				LD_RUNPATH_SEARCH_PATHS = "$(inherited) @executable_path/Frameworks";
				PRODUCT_NAME = "$(TARGET_NAME)";
			};
			name = Debug;
		};
		5B9F9B3B1A02F29900941DA1 /* Release */ = {
			isa = XCBuildConfiguration;
			buildSettings = {
				ASSETCATALOG_COMPILER_APPICON_NAME = AppIcon;
				INFOPLIST_FILE = WebServiceExample/Info.plist;
				LD_RUNPATH_SEARCH_PATHS = "$(inherited) @executable_path/Frameworks";
				PRODUCT_NAME = "$(TARGET_NAME)";
			};
			name = Release;
		};
		5B9F9B3D1A02F29900941DA1 /* Debug */ = {
			isa = XCBuildConfiguration;
			buildSettings = {
				BUNDLE_LOADER = "$(TEST_HOST)";
				FRAMEWORK_SEARCH_PATHS = (
					"$(SDKROOT)/Developer/Library/Frameworks",
					"$(inherited)",
				);
				GCC_PREPROCESSOR_DEFINITIONS = (
					"DEBUG=1",
					"$(inherited)",
				);
				INFOPLIST_FILE = WebServiceExampleTests/Info.plist;
				LD_RUNPATH_SEARCH_PATHS = "$(inherited) @executable_path/Frameworks @loader_path/Frameworks";
				PRODUCT_NAME = "$(TARGET_NAME)";
				TEST_HOST = "$(BUILT_PRODUCTS_DIR)/WebServiceExample.app/WebServiceExample";
			};
			name = Debug;
		};
		5B9F9B3E1A02F29900941DA1 /* Release */ = {
			isa = XCBuildConfiguration;
			buildSettings = {
				BUNDLE_LOADER = "$(TEST_HOST)";
				FRAMEWORK_SEARCH_PATHS = (
					"$(SDKROOT)/Developer/Library/Frameworks",
					"$(inherited)",
				);
				INFOPLIST_FILE = WebServiceExampleTests/Info.plist;
				LD_RUNPATH_SEARCH_PATHS = "$(inherited) @executable_path/Frameworks @loader_path/Frameworks";
				PRODUCT_NAME = "$(TARGET_NAME)";
				TEST_HOST = "$(BUILT_PRODUCTS_DIR)/WebServiceExample.app/WebServiceExample";
			};
			name = Release;
		};
/* End XCBuildConfiguration section */

/* Begin XCConfigurationList section */
		5B9F9B151A02F29900941DA1 /* Build configuration list for PBXProject "WebServiceExample" */ = {
			isa = XCConfigurationList;
			buildConfigurations = (
				5B9F9B371A02F29900941DA1 /* Debug */,
				5B9F9B381A02F29900941DA1 /* Release */,
			);
			defaultConfigurationIsVisible = 0;
			defaultConfigurationName = Release;
		};
		5B9F9B391A02F29900941DA1 /* Build configuration list for PBXNativeTarget "WebServiceExample" */ = {
			isa = XCConfigurationList;
			buildConfigurations = (
				5B9F9B3A1A02F29900941DA1 /* Debug */,
				5B9F9B3B1A02F29900941DA1 /* Release */,
			);
			defaultConfigurationIsVisible = 0;
		};
		5B9F9B3C1A02F29900941DA1 /* Build configuration list for PBXNativeTarget "WebServiceExampleTests" */ = {
			isa = XCConfigurationList;
			buildConfigurations = (
				5B9F9B3D1A02F29900941DA1 /* Debug */,
				5B9F9B3E1A02F29900941DA1 /* Release */,
			);
			defaultConfigurationIsVisible = 0;
		};
/* End XCConfigurationList section */
	};
	rootObject = 5B9F9B121A02F29900941DA1 /* Project object */;
}
